
Microsoft Visual Studio Solution File, Format Version 12.00
# Visual Studio Version 17
VisualStudioVersion = 17.9.34728.123
MinimumVisualStudioVersion = 10.0.40219.1
Project("{54A90642-561A-4BB1-A94E-469ADEE60C69}") = "SpmsV2.client", "SpmsV2.client\SpmsV2.client.esproj", "{ACE07E78-482E-4EA5-A22E-993BA2D106BF}"
EndProject
Project("{9A19103F-16F7-4668-BE54-9A1E7A4F7556}") = "SpmsV2.Server", "SpmsV2.Server\SpmsV2.Server.csproj", "{5B8B1BB8-1405-4A3F-A430-B0291906EEB6}"
EndProject
Global
	GlobalSection(SolutionConfigurationPlatforms) = preSolution
		Debug|Any CPU = Debug|Any CPU
		Release|Any CPU = Release|Any CPU
	EndGlobalSection
	GlobalSection(ProjectConfigurationPlatforms) = postSolution
		{ACE07E78-482E-4EA5-A22E-993BA2D106BF}.Debug|Any CPU.ActiveCfg = Debug|Any CPU
		{ACE07E78-482E-4EA5-A22E-993BA2D106BF}.Debug|Any CPU.Build.0 = Debug|Any CPU
		{ACE07E78-482E-4EA5-A22E-993BA2D106BF}.Debug|Any CPU.Deploy.0 = Debug|Any CPU
		{ACE07E78-482E-4EA5-A22E-993BA2D106BF}.Release|Any CPU.ActiveCfg = Release|Any CPU
		{ACE07E78-482E-4EA5-A22E-993BA2D106BF}.Release|Any CPU.Build.0 = Release|Any CPU
		{ACE07E78-482E-4EA5-A22E-993BA2D106BF}.Release|Any CPU.Deploy.0 = Release|Any CPU
		{5B8B1BB8-1405-4A3F-A430-B0291906EEB6}.Debug|Any CPU.ActiveCfg = Debug|Any CPU
		{5B8B1BB8-1405-4A3F-A430-B0291906EEB6}.Debug|Any CPU.Build.0 = Debug|Any CPU
		{5B8B1BB8-1405-4A3F-A430-B0291906EEB6}.Release|Any CPU.ActiveCfg = Release|Any CPU
		{5B8B1BB8-1405-4A3F-A430-B0291906EEB6}.Release|Any CPU.Build.0 = Release|Any CPU
	EndGlobalSection
	GlobalSection(SolutionProperties) = preSolution
		HideSolutionNode = FALSE
	EndGlobalSection
	GlobalSection(ExtensibilityGlobals) = postSolution
		SolutionGuid = {B12E1AC1-D5B8-49CF-A599-6D514049E6AF}
	EndGlobalSection
EndGlobal
